# This file is autogenerated, do not edit; changes may be undone by the next 'dep ensure'.


[[projects]]
  name = "github.com/davecgh/go-spew"
  packages = ["spew"]
  revision = "346938d642f2ec3594ed81d874461961cd0faa76"
  version = "v1.1.0"

[[projects]]
  name = "github.com/jroimartin/gocui"
  packages = ["."]
  revision = "4e9ce9a8e26f2ef33dfe297dbdfca148733b6b9b"
  version = "v0.3.0"

[[projects]]
  name = "github.com/mattn/go-runewidth"
  packages = ["."]
  revision = "9e777a8366cce605130a531d2cd6363d07ad7317"
  version = "v0.0.2"

[[projects]]
  branch = "master"
  name = "github.com/nsf/termbox-go"
  packages = ["."]
  revision = "21a4d435a86280a2927985fd6296de56cbce453e"

[solve-meta]
  analyzer-name = "dep"
  analyzer-version = 1
  inputs-digest = "b00e92bab2f95b2d0ef5c2b75f6ee536f14b1caac961083ac83e87d490da511a"
  solver-name = "gps-cdcl"
  solver-version = 1
